
Microsoft Visual Studio Solution File, Format Version 12.00
# Visual Studio Version 17
VisualStudioVersion = 17.0.31903.59
MinimumVisualStudioVersion = 10.0.40219.1
Project("{FAE04EC0-301F-11D3-BF4B-00C04F79EFBC}") = "algorithm", "algorithm\algorithm.csproj", "{ED850F73-7A03-4ECD-A934-933293E8950B}"
EndProject
Project("{FAE04EC0-301F-11D3-BF4B-00C04F79EFBC}") = "tests", "tests\tests.csproj", "{4558CA9E-954F-418D-B207-CEB5AD1E0795}"
EndProject
Project("{FAE04EC0-301F-11D3-BF4B-00C04F79EFBC}") = "Leetcode", "Leetcode\Leetcode.csproj", "{7413CDDE-D2A0-4C02-9522-D7C48DA4E79F}"
EndProject
Global
	GlobalSection(SolutionConfigurationPlatforms) = preSolution
		Debug|Any CPU = Debug|Any CPU
		Debug|x64 = Debug|x64
		Debug|x86 = Debug|x86
		Release|Any CPU = Release|Any CPU
		Release|x64 = Release|x64
		Release|x86 = Release|x86
	EndGlobalSection
	GlobalSection(ProjectConfigurationPlatforms) = postSolution
		{ED850F73-7A03-4ECD-A934-933293E8950B}.Debug|Any CPU.ActiveCfg = Debug|Any CPU
		{ED850F73-7A03-4ECD-A934-933293E8950B}.Debug|Any CPU.Build.0 = Debug|Any CPU
		{ED850F73-7A03-4ECD-A934-933293E8950B}.Debug|x64.ActiveCfg = Debug|Any CPU
		{ED850F73-7A03-4ECD-A934-933293E8950B}.Debug|x64.Build.0 = Debug|Any CPU
		{ED850F73-7A03-4ECD-A934-933293E8950B}.Debug|x86.ActiveCfg = Debug|Any CPU
		{ED850F73-7A03-4ECD-A934-933293E8950B}.Debug|x86.Build.0 = Debug|Any CPU
		{ED850F73-7A03-4ECD-A934-933293E8950B}.Release|Any CPU.ActiveCfg = Release|Any CPU
		{ED850F73-7A03-4ECD-A934-933293E8950B}.Release|Any CPU.Build.0 = Release|Any CPU
		{ED850F73-7A03-4ECD-A934-933293E8950B}.Release|x64.ActiveCfg = Release|Any CPU
		{ED850F73-7A03-4ECD-A934-933293E8950B}.Release|x64.Build.0 = Release|Any CPU
		{ED850F73-7A03-4ECD-A934-933293E8950B}.Release|x86.ActiveCfg = Release|Any CPU
		{ED850F73-7A03-4ECD-A934-933293E8950B}.Release|x86.Build.0 = Release|Any CPU
		{4558CA9E-954F-418D-B207-CEB5AD1E0795}.Debug|Any CPU.ActiveCfg = Debug|Any CPU
		{4558CA9E-954F-418D-B207-CEB5AD1E0795}.Debug|Any CPU.Build.0 = Debug|Any CPU
		{4558CA9E-954F-418D-B207-CEB5AD1E0795}.Debug|x64.ActiveCfg = Debug|Any CPU
		{4558CA9E-954F-418D-B207-CEB5AD1E0795}.Debug|x64.Build.0 = Debug|Any CPU
		{4558CA9E-954F-418D-B207-CEB5AD1E0795}.Debug|x86.ActiveCfg = Debug|Any CPU
		{4558CA9E-954F-418D-B207-CEB5AD1E0795}.Debug|x86.Build.0 = Debug|Any CPU
		{4558CA9E-954F-418D-B207-CEB5AD1E0795}.Release|Any CPU.ActiveCfg = Release|Any CPU
		{4558CA9E-954F-418D-B207-CEB5AD1E0795}.Release|Any CPU.Build.0 = Release|Any CPU
		{4558CA9E-954F-418D-B207-CEB5AD1E0795}.Release|x64.ActiveCfg = Release|Any CPU
		{4558CA9E-954F-418D-B207-CEB5AD1E0795}.Release|x64.Build.0 = Release|Any CPU
		{4558CA9E-954F-418D-B207-CEB5AD1E0795}.Release|x86.ActiveCfg = Release|Any CPU
		{4558CA9E-954F-418D-B207-CEB5AD1E0795}.Release|x86.Build.0 = Release|Any CPU
		{7413CDDE-D2A0-4C02-9522-D7C48DA4E79F}.Debug|Any CPU.ActiveCfg = Debug|Any CPU
		{7413CDDE-D2A0-4C02-9522-D7C48DA4E79F}.Debug|Any CPU.Build.0 = Debug|Any CPU
		{7413CDDE-D2A0-4C02-9522-D7C48DA4E79F}.Debug|x64.ActiveCfg = Debug|Any CPU
		{7413CDDE-D2A0-4C02-9522-D7C48DA4E79F}.Debug|x64.Build.0 = Debug|Any CPU
		{7413CDDE-D2A0-4C02-9522-D7C48DA4E79F}.Debug|x86.ActiveCfg = Debug|Any CPU
		{7413CDDE-D2A0-4C02-9522-D7C48DA4E79F}.Debug|x86.Build.0 = Debug|Any CPU
		{7413CDDE-D2A0-4C02-9522-D7C48DA4E79F}.Release|Any CPU.ActiveCfg = Release|Any CPU
		{7413CDDE-D2A0-4C02-9522-D7C48DA4E79F}.Release|Any CPU.Build.0 = Release|Any CPU
		{7413CDDE-D2A0-4C02-9522-D7C48DA4E79F}.Release|x64.ActiveCfg = Release|Any CPU
		{7413CDDE-D2A0-4C02-9522-D7C48DA4E79F}.Release|x64.Build.0 = Release|Any CPU
		{7413CDDE-D2A0-4C02-9522-D7C48DA4E79F}.Release|x86.ActiveCfg = Release|Any CPU
		{7413CDDE-D2A0-4C02-9522-D7C48DA4E79F}.Release|x86.Build.0 = Release|Any CPU
	EndGlobalSection
	GlobalSection(SolutionProperties) = preSolution
		HideSolutionNode = FALSE
	EndGlobalSection
EndGlobal
